
Microsoft Visual Studio Solution File, Format Version 12.00
# Visual Studio Version 17
VisualStudioVersion = 17.5.002.0
MinimumVisualStudioVersion = 10.0.40219.1
Project("{FAE04EC0-301F-11D3-BF4B-00C04F79EFBC}") = "TruvideoMediaiOSBinding", "TruvideoMediaiOSBinding\TruvideoMediaiOSBinding.csproj", "{4C1C9F36-0920-47DC-97EC-420E0B76DCF5}"
EndProject
Global
	GlobalSection(SolutionConfigurationPlatforms) = preSolution
		Debug|Any CPU = Debug|Any CPU
		Release|Any CPU = Release|Any CPU
	EndGlobalSection
	GlobalSection(ProjectConfigurationPlatforms) = postSolution
		{4C1C9F36-0920-47DC-97EC-420E0B76DCF5}.Debug|Any CPU.ActiveCfg = Debug|Any CPU
		{4C1C9F36-0920-47DC-97EC-420E0B76DCF5}.Debug|Any CPU.Build.0 = Debug|Any CPU
		{4C1C9F36-0920-47DC-97EC-420E0B76DCF5}.Release|Any CPU.ActiveCfg = Release|Any CPU
		{4C1C9F36-0920-47DC-97EC-420E0B76DCF5}.Release|Any CPU.Build.0 = Release|Any CPU
		{AD68CAD1-B14A-4F3D-8BC7-CEF4FD997271}.Debug|Any CPU.ActiveCfg = Debug|Any CPU
		{AD68CAD1-B14A-4F3D-8BC7-CEF4FD997271}.Debug|Any CPU.Build.0 = Debug|Any CPU
		{AD68CAD1-B14A-4F3D-8BC7-CEF4FD997271}.Release|Any CPU.ActiveCfg = Release|Any CPU
		{AD68CAD1-B14A-4F3D-8BC7-CEF4FD997271}.Release|Any CPU.Build.0 = Release|Any CPU
		{47A55D58-879E-497B-A227-A3AADBE96AB4}.Debug|Any CPU.ActiveCfg = Debug|Any CPU
		{47A55D58-879E-497B-A227-A3AADBE96AB4}.Debug|Any CPU.Build.0 = Debug|Any CPU
		{47A55D58-879E-497B-A227-A3AADBE96AB4}.Release|Any CPU.ActiveCfg = Release|Any CPU
		{47A55D58-879E-497B-A227-A3AADBE96AB4}.Release|Any CPU.Build.0 = Release|Any CPU
	EndGlobalSection
	GlobalSection(SolutionProperties) = preSolution
		HideSolutionNode = FALSE
	EndGlobalSection
	GlobalSection(ExtensibilityGlobals) = postSolution
		SolutionGuid = {F0BB82F7-549C-4A36-B494-6D9E30639DBD}
	EndGlobalSection
EndGlobal
