{
  "originHash" : "c5141a0fb158f86898d33094ac07a2c973b1b2f0b9496790ab8678d382958835",
  "pins" : [
    {
      "identity" : "aws-sdk-ios-spm",
      "kind" : "remoteSourceControl",
      "location" : "https://github.com/aws-amplify/aws-sdk-ios-spm",
      "state" : {
        "revision" : "ca31418963a90bac80538e13f6b7af87ea14d279",
        "version" : "2.33.4"
      }
    },
    {
      "identity" : "truvideo-sdk-ios-media",
      "kind" : "remoteSourceControl",
      "location" : "https://github.com/Truvideo/truvideo-sdk-ios-media",
      "state" : {
        "revision" : "8baa94d4849f20ca1d448afe9f57b904a644a831",
        "version" : "76.3.1"
      }
    }
  ],
  "version" : 3
}
